
Microsoft Visual Studio Solution File, Format Version 12.00
# Visual Studio Version 16
VisualStudioVersion = 16.0.31112.23
MinimumVisualStudioVersion = 10.0.40219.1
Project("{FAE04EC0-301F-11D3-BF4B-00C04F79EFBC}") = "BobPart", "Part2\BobPart.csproj", "{3645D71B-8BEB-4080-98D8-DE1D90B15E1C}"
EndProject
Global
	GlobalSection(SolutionConfigurationPlatforms) = preSolution
		Debug|Any CPU = Debug|Any CPU
		Release|Any CPU = Release|Any CPU
	EndGlobalSection
	GlobalSection(ProjectConfigurationPlatforms) = postSolution
		{3645D71B-8BEB-4080-98D8-DE1D90B15E1C}.Debug|Any CPU.ActiveCfg = Debug|Any CPU
		{3645D71B-8BEB-4080-98D8-DE1D90B15E1C}.Debug|Any CPU.Build.0 = Debug|Any CPU
		{3645D71B-8BEB-4080-98D8-DE1D90B15E1C}.Release|Any CPU.ActiveCfg = Release|Any CPU
		{3645D71B-8BEB-4080-98D8-DE1D90B15E1C}.Release|Any CPU.Build.0 = Release|Any CPU
	EndGlobalSection
	GlobalSection(SolutionProperties) = preSolution
		HideSolutionNode = FALSE
	EndGlobalSection
	GlobalSection(ExtensibilityGlobals) = postSolution
		SolutionGuid = {AC4BD3B8-EDDB-47C9-B7B8-01D7D6C9C3F2}
	EndGlobalSection
EndGlobal
